
Microsoft Visual Studio Solution File, Format Version 12.00
# Visual Studio Version 17
VisualStudioVersion = 17.11.35327.3
MinimumVisualStudioVersion = 10.0.40219.1
Project("{9A19103F-16F7-4668-BE54-9A1E7A4F7556}") = "RCT", "RCT.csproj", "{02A121EE-2726-4F68-A92C-868C1CE511A6}"
EndProject
Global
	GlobalSection(SolutionConfigurationPlatforms) = preSolution
		Debug|Any CPU = Debug|Any CPU
		Release|Any CPU = Release|Any CPU
	EndGlobalSection
	GlobalSection(ProjectConfigurationPlatforms) = postSolution
		{02A121EE-2726-4F68-A92C-868C1CE511A6}.Debug|Any CPU.ActiveCfg = Debug|Any CPU
		{02A121EE-2726-4F68-A92C-868C1CE511A6}.Debug|Any CPU.Build.0 = Debug|Any CPU
		{02A121EE-2726-4F68-A92C-868C1CE511A6}.Release|Any CPU.ActiveCfg = Release|Any CPU
		{02A121EE-2726-4F68-A92C-868C1CE511A6}.Release|Any CPU.Build.0 = Release|Any CPU
	EndGlobalSection
	GlobalSection(SolutionProperties) = preSolution
		HideSolutionNode = FALSE
	EndGlobalSection
	GlobalSection(ExtensibilityGlobals) = postSolution
		SolutionGuid = {C0C37AF0-C7FB-4632-A6CB-5B4749B5AF54}
	EndGlobalSection
EndGlobal
